
Microsoft Visual Studio Solution File, Format Version 12.00
# Visual Studio Version 17
VisualStudioVersion = 17.8.34330.188
MinimumVisualStudioVersion = 10.0.40219.1
Project("{9A19103F-16F7-4668-BE54-9A1E7A4F7556}") = "GolfGame", "GolfGame\GolfGame.csproj", "{530D2729-1B98-4955-B8ED-81E35CD1CBF7}"
EndProject
Project("{54435603-DBB4-11D2-8724-00A0C9A8B90C}") = "SillesenGolf", "SillesenGolf\SillesenGolf.vdproj", "{21ADDEBC-1ED6-4C1D-A7C0-4EC6DB4E999B}"
EndProject
Global
	GlobalSection(SolutionConfigurationPlatforms) = preSolution
		Debug|Any CPU = Debug|Any CPU
		Release|Any CPU = Release|Any CPU
	EndGlobalSection
	GlobalSection(ProjectConfigurationPlatforms) = postSolution
		{530D2729-1B98-4955-B8ED-81E35CD1CBF7}.Debug|Any CPU.ActiveCfg = Debug|Any CPU
		{530D2729-1B98-4955-B8ED-81E35CD1CBF7}.Debug|Any CPU.Build.0 = Debug|Any CPU
		{530D2729-1B98-4955-B8ED-81E35CD1CBF7}.Release|Any CPU.ActiveCfg = Release|Any CPU
		{530D2729-1B98-4955-B8ED-81E35CD1CBF7}.Release|Any CPU.Build.0 = Release|Any CPU
		{21ADDEBC-1ED6-4C1D-A7C0-4EC6DB4E999B}.Debug|Any CPU.ActiveCfg = Debug
		{21ADDEBC-1ED6-4C1D-A7C0-4EC6DB4E999B}.Release|Any CPU.ActiveCfg = Release
	EndGlobalSection
	GlobalSection(SolutionProperties) = preSolution
		HideSolutionNode = FALSE
	EndGlobalSection
	GlobalSection(ExtensibilityGlobals) = postSolution
		SolutionGuid = {166DF5E8-D576-4DEB-8837-9E4A0E27B9B5}
	EndGlobalSection
EndGlobal
